// !$*UTF8*$!
{
	archiveVersion = 1;
	classes = {
	};
	objectVersion = 46;
	objects = {

/* Begin PBXBuildFile section */
		3511FC7A1BC815A3001399B2 /* RestaurantTableViewCell.swift in Sources */ = {isa = PBXBuildFile; fileRef = 3511FC791BC815A3001399B2 /* RestaurantTableViewCell.swift */; settings = {ASSET_TAGS = (); }; };
		3511FC7C1BC9F1A2001399B2 /* RestaurantDetailViewController.swift in Sources */ = {isa = PBXBuildFile; fileRef = 3511FC7B1BC9F1A2001399B2 /* RestaurantDetailViewController.swift */; settings = {ASSET_TAGS = (); }; };
		3511FC7E1BCA15CA001399B2 /* Restaurant.swift in Sources */ = {isa = PBXBuildFile; fileRef = 3511FC7D1BCA15CA001399B2 /* Restaurant.swift */; settings = {ASSET_TAGS = (); }; };
		3511FC821BCB468B001399B2 /* RestaurantDetailTableViewCell.swift in Sources */ = {isa = PBXBuildFile; fileRef = 3511FC811BCB468B001399B2 /* RestaurantDetailTableViewCell.swift */; settings = {ASSET_TAGS = (); }; };
		3544CECD1BC3647E00EAB971 /* RestaurantTableViewController.swift in Sources */ = {isa = PBXBuildFile; fileRef = 3544CECC1BC3647E00EAB971 /* RestaurantTableViewController.swift */; settings = {ASSET_TAGS = (); }; };
		3586E02C1BD2C3AA009ACF6A /* ReviewViewController.swift in Sources */ = {isa = PBXBuildFile; fileRef = 3586E02B1BD2C3AA009ACF6A /* ReviewViewController.swift */; settings = {ASSET_TAGS = (); }; };
		359356891BC3603A005BF9D8 /* AppDelegate.swift in Sources */ = {isa = PBXBuildFile; fileRef = 359356881BC3603A005BF9D8 /* AppDelegate.swift */; };
		3593568E1BC3603A005BF9D8 /* Main.storyboard in Resources */ = {isa = PBXBuildFile; fileRef = 3593568C1BC3603A005BF9D8 /* Main.storyboard */; };
		359356901BC3603A005BF9D8 /* Assets.xcassets in Resources */ = {isa = PBXBuildFile; fileRef = 3593568F1BC3603A005BF9D8 /* Assets.xcassets */; };
		359356931BC3603A005BF9D8 /* LaunchScreen.storyboard in Resources */ = {isa = PBXBuildFile; fileRef = 359356911BC3603A005BF9D8 /* LaunchScreen.storyboard */; };
		35E0CCE11BD467190067680D /* MapKit.framework in Frameworks */ = {isa = PBXBuildFile; fileRef = 35E0CCE01BD467190067680D /* MapKit.framework */; };
		35E0CCE31BD46FBE0067680D /* MapViewController.swift in Sources */ = {isa = PBXBuildFile; fileRef = 35E0CCE21BD46FBD0067680D /* MapViewController.swift */; settings = {ASSET_TAGS = (); }; };
/* End PBXBuildFile section */

/* Begin PBXFileReference section */
		3511FC791BC815A3001399B2 /* RestaurantTableViewCell.swift */ = {isa = PBXFileReference; fileEncoding = 4; lastKnownFileType = sourcecode.swift; path = RestaurantTableViewCell.swift; sourceTree = "<group>"; };
		3511FC7B1BC9F1A2001399B2 /* RestaurantDetailViewController.swift */ = {isa = PBXFileReference; fileEncoding = 4; lastKnownFileType = sourcecode.swift; path = RestaurantDetailViewController.swift; sourceTree = "<group>"; };
		3511FC7D1BCA15CA001399B2 /* Restaurant.swift */ = {isa = PBXFileReference; fileEncoding = 4; lastKnownFileType = sourcecode.swift; path = Restaurant.swift; sourceTree = "<group>"; };
		3511FC811BCB468B001399B2 /* RestaurantDetailTableViewCell.swift */ = {isa = PBXFileReference; fileEncoding = 4; lastKnownFileType = sourcecode.swift; path = RestaurantDetailTableViewCell.swift; sourceTree = "<group>"; };
		3544CECC1BC3647E00EAB971 /* RestaurantTableViewController.swift */ = {isa = PBXFileReference; fileEncoding = 4; lastKnownFileType = sourcecode.swift; path = RestaurantTableViewController.swift; sourceTree = "<group>"; };
		3586E02B1BD2C3AA009ACF6A /* ReviewViewController.swift */ = {isa = PBXFileReference; fileEncoding = 4; lastKnownFileType = sourcecode.swift; path = ReviewViewController.swift; sourceTree = "<group>"; };
		359356851BC3603A005BF9D8 /* FoodPin.app */ = {isa = PBXFileReference; explicitFileType = wrapper.application; includeInIndex = 0; path = FoodPin.app; sourceTree = BUILT_PRODUCTS_DIR; };
		359356881BC3603A005BF9D8 /* AppDelegate.swift */ = {isa = PBXFileReference; lastKnownFileType = sourcecode.swift; path = AppDelegate.swift; sourceTree = "<group>"; };
		3593568D1BC3603A005BF9D8 /* Base */ = {isa = PBXFileReference; lastKnownFileType = file.storyboard; name = Base; path = Base.lproj/Main.storyboard; sourceTree = "<group>"; };
		3593568F1BC3603A005BF9D8 /* Assets.xcassets */ = {isa = PBXFileReference; lastKnownFileType = folder.assetcatalog; path = Assets.xcassets; sourceTree = "<group>"; };
		359356921BC3603A005BF9D8 /* Base */ = {isa = PBXFileReference; lastKnownFileType = file.storyboard; name = Base; path = Base.lproj/LaunchScreen.storyboard; sourceTree = "<group>"; };
		359356941BC3603A005BF9D8 /* Info.plist */ = {isa = PBXFileReference; lastKnownFileType = text.plist.xml; path = Info.plist; sourceTree = "<group>"; };
		35E0CCE01BD467190067680D /* MapKit.framework */ = {isa = PBXFileReference; lastKnownFileType = wrapper.framework; name = MapKit.framework; path = System/Library/Frameworks/MapKit.framework; sourceTree = SDKROOT; };
		35E0CCE21BD46FBD0067680D /* MapViewController.swift */ = {isa = PBXFileReference; fileEncoding = 4; lastKnownFileType = sourcecode.swift; path = MapViewController.swift; sourceTree = "<group>"; };
/* End PBXFileReference section */

/* Begin PBXFrameworksBuildPhase section */
		359356821BC3603A005BF9D8 /* Frameworks */ = {
			isa = PBXFrameworksBuildPhase;
			buildActionMask = 2147483647;
			files = (
				35E0CCE11BD467190067680D /* MapKit.framework in Frameworks */,
			);
			runOnlyForDeploymentPostprocessing = 0;
		};
/* End PBXFrameworksBuildPhase section */

/* Begin PBXGroup section */
		3593567C1BC3603A005BF9D8 = {
			isa = PBXGroup;
			children = (
				35E0CCE01BD467190067680D /* MapKit.framework */,
				359356871BC3603A005BF9D8 /* FoodPin */,
				359356861BC3603A005BF9D8 /* Products */,
			);
			sourceTree = "<group>";
		};
		359356861BC3603A005BF9D8 /* Products */ = {
			isa = PBXGroup;
			children = (
				359356851BC3603A005BF9D8 /* FoodPin.app */,
			);
			name = Products;
			sourceTree = "<group>";
		};
		359356871BC3603A005BF9D8 /* FoodPin */ = {
			isa = PBXGroup;
			children = (
				359356881BC3603A005BF9D8 /* AppDelegate.swift */,
				3544CECC1BC3647E00EAB971 /* RestaurantTableViewController.swift */,
				3593568C1BC3603A005BF9D8 /* Main.storyboard */,
				3593568F1BC3603A005BF9D8 /* Assets.xcassets */,
				359356911BC3603A005BF9D8 /* LaunchScreen.storyboard */,
				359356941BC3603A005BF9D8 /* Info.plist */,
				3511FC791BC815A3001399B2 /* RestaurantTableViewCell.swift */,
				3511FC7B1BC9F1A2001399B2 /* RestaurantDetailViewController.swift */,
				3511FC7D1BCA15CA001399B2 /* Restaurant.swift */,
				3511FC811BCB468B001399B2 /* RestaurantDetailTableViewCell.swift */,
				3586E02B1BD2C3AA009ACF6A /* ReviewViewController.swift */,
				35E0CCE21BD46FBD0067680D /* MapViewController.swift */,
			);
			path = FoodPin;
			sourceTree = "<group>";
		};
/* End PBXGroup section */

/* Begin PBXNativeTarget section */
		359356841BC3603A005BF9D8 /* FoodPin */ = {
			isa = PBXNativeTarget;
			buildConfigurationList = 359356971BC3603A005BF9D8 /* Build configuration list for PBXNativeTarget "FoodPin" */;
			buildPhases = (
				359356811BC3603A005BF9D8 /* Sources */,
				359356821BC3603A005BF9D8 /* Frameworks */,
				359356831BC3603A005BF9D8 /* Resources */,
			);
			buildRules = (
			);
			dependencies = (
			);
			name = FoodPin;
			productName = FoodPin;
			productReference = 359356851BC3603A005BF9D8 /* FoodPin.app */;
			productType = "com.apple.product-type.application";
		};
/* End PBXNativeTarget section */

/* Begin PBXProject section */
		3593567D1BC3603A005BF9D8 /* Project object */ = {
			isa = PBXProject;
			attributes = {
				LastUpgradeCheck = 0700;
				ORGANIZATIONNAME = Gremico;
				TargetAttributes = {
					359356841BC3603A005BF9D8 = {
						CreatedOnToolsVersion = 7.0.1;
						SystemCapabilities = {
							com.apple.Maps.iOS = {
								enabled = 0;
							};
						};
					};
				};
			};
			buildConfigurationList = 359356801BC3603A005BF9D8 /* Build configuration list for PBXProject "FoodPin" */;
			compatibilityVersion = "Xcode 3.2";
			developmentRegion = English;
			hasScannedForEncodings = 0;
			knownRegions = (
				en,
				Base,
			);
			mainGroup = 3593567C1BC3603A005BF9D8;
			productRefGroup = 359356861BC3603A005BF9D8 /* Products */;
			projectDirPath = "";
			projectRoot = "";
			targets = (
				359356841BC3603A005BF9D8 /* FoodPin */,
			);
		};
/* End PBXProject section */

/* Begin PBXResourcesBuildPhase section */
		359356831BC3603A005BF9D8 /* Resources */ = {
			isa = PBXResourcesBuildPhase;
			buildActionMask = 2147483647;
			files = (
				359356931BC3603A005BF9D8 /* LaunchScreen.storyboard in Resources */,
				359356901BC3603A005BF9D8 /* Assets.xcassets in Resources */,
				3593568E1BC3603A005BF9D8 /* Main.storyboard in Resources */,
			);
			runOnlyForDeploymentPostprocessing = 0;
		};
/* End PBXResourcesBuildPhase section */

/* Begin PBXSourcesBuildPhase section */
		359356811BC3603A005BF9D8 /* Sources */ = {
			isa = PBXSourcesBuildPhase;
			buildActionMask = 2147483647;
			files = (
				3511FC7E1BCA15CA001399B2 /* Restaurant.swift in Sources */,
				3544CECD1BC3647E00EAB971 /* RestaurantTableViewController.swift in Sources */,
				3586E02C1BD2C3AA009ACF6A /* ReviewViewController.swift in Sources */,
				3511FC7A1BC815A3001399B2 /* RestaurantTableViewCell.swift in Sources */,
				3511FC821BCB468B001399B2 /* RestaurantDetailTableViewCell.swift in Sources */,
				3511FC7C1BC9F1A2001399B2 /* RestaurantDetailViewController.swift in Sources */,
				359356891BC3603A005BF9D8 /* AppDelegate.swift in Sources */,
				35E0CCE31BD46FBE0067680D /* MapViewController.swift in Sources */,
			);
			runOnlyForDeploymentPostprocessing = 0;
		};
/* End PBXSourcesBuildPhase section */

/* Begin PBXVariantGroup section */
		3593568C1BC3603A005BF9D8 /* Main.storyboard */ = {
			isa = PBXVariantGroup;
			children = (
				3593568D1BC3603A005BF9D8 /* Base */,
			);
			name = Main.storyboard;
			sourceTree = "<group>";
		};
		359356911BC3603A005BF9D8 /* LaunchScreen.storyboard */ = {
			isa = PBXVariantGroup;
			children = (
				359356921BC3603A005BF9D8 /* Base */,
			);
			name = LaunchScreen.storyboard;
			sourceTree = "<group>";
		};
/* End PBXVariantGroup section */

/* Begin XCBuildConfiguration section */
		359356951BC3603A005BF9D8 /* Debug */ = {
			isa = XCBuildConfiguration;
			buildSettings = {
				ALWAYS_SEARCH_USER_PATHS = NO;
				CLANG_CXX_LANGUAGE_STANDARD = "gnu++0x";
				CLANG_CXX_LIBRARY = "libc++";
				CLANG_ENABLE_MODULES = YES;
				CLANG_ENABLE_OBJC_ARC = YES;
				CLANG_WARN_BOOL_CONVERSION = YES;
				CLANG_WARN_CONSTANT_CONVERSION = YES;
				CLANG_WARN_DIRECT_OBJC_ISA_USAGE = YES_ERROR;
				CLANG_WARN_EMPTY_BODY = YES;
				CLANG_WARN_ENUM_CONVERSION = YES;
				CLANG_WARN_INT_CONVERSION = YES;
				CLANG_WARN_OBJC_ROOT_CLASS = YES_ERROR;
				CLANG_WARN_UNREACHABLE_CODE = YES;
				CLANG_WARN__DUPLICATE_METHOD_MATCH = YES;
				"CODE_SIGN_IDENTITY[sdk=iphoneos*]" = "iPhone Developer";
				COPY_PHASE_STRIP = NO;
				DEBUG_INFORMATION_FORMAT = dwarf;
				ENABLE_STRICT_OBJC_MSGSEND = YES;
				ENABLE_TESTABILITY = YES;
				GCC_C_LANGUAGE_STANDARD = gnu99;
				GCC_DYNAMIC_NO_PIC = NO;
				GCC_NO_COMMON_BLOCKS = YES;
				GCC_OPTIMIZATION_LEVEL = 0;
				GCC_PREPROCESSOR_DEFINITIONS = (
					"DEBUG=1",
					"$(inherited)",
				);
				GCC_WARN_64_TO_32_BIT_CONVERSION = YES;
				GCC_WARN_ABOUT_RETURN_TYPE = YES_ERROR;
				GCC_WARN_UNDECLARED_SELECTOR = YES;
				GCC_WARN_UNINITIALIZED_AUTOS = YES_AGGRESSIVE;
				GCC_WARN_UNUSED_FUNCTION = YES;
				GCC_WARN_UNUSED_VARIABLE = YES;
				IPHONEOS_DEPLOYMENT_TARGET = 9.0;
				MTL_ENABLE_DEBUG_INFO = YES;
				ONLY_ACTIVE_ARCH = YES;
				SDKROOT = iphoneos;
				SWIFT_OPTIMIZATION_LEVEL = "-Onone";
				TARGETED_DEVICE_FAMILY = "1,2";
			};
			name = Debug;
		};
		359356961BC3603A005BF9D8 /* Release */ = {
			isa = XCBuildConfiguration;
			buildSettings = {
				ALWAYS_SEARCH_USER_PATHS = NO;
				CLANG_CXX_LANGUAGE_STANDARD = "gnu++0x";
				CLANG_CXX_LIBRARY = "libc++";
				CLANG_ENABLE_MODULES = YES;
				CLANG_ENABLE_OBJC_ARC = YES;
				CLANG_WARN_BOOL_CONVERSION = YES;
				CLANG_WARN_CONSTANT_CONVERSION = YES;
				CLANG_WARN_DIRECT_OBJC_ISA_USAGE = YES_ERROR;
				CLANG_WARN_EMPTY_BODY = YES;
				CLANG_WARN_ENUM_CONVERSION = YES;
				CLANG_WARN_INT_CONVERSION = YES;
				CLANG_WARN_OBJC_ROOT_CLASS = YES_ERROR;
				CLANG_WARN_UNREACHABLE_CODE = YES;
				CLANG_WARN__DUPLICATE_METHOD_MATCH = YES;
				"CODE_SIGN_IDENTITY[sdk=iphoneos*]" = "iPhone Developer";
				COPY_PHASE_STRIP = NO;
				DEBUG_INFORMATION_FORMAT = "dwarf-with-dsym";
				ENABLE_NS_ASSERTIONS = NO;
				ENABLE_STRICT_OBJC_MSGSEND = YES;
				GCC_C_LANGUAGE_STANDARD = gnu99;
				GCC_NO_COMMON_BLOCKS = YES;
				GCC_WARN_64_TO_32_BIT_CONVERSION = YES;
				GCC_WARN_ABOUT_RETURN_TYPE = YES_ERROR;
				GCC_WARN_UNDECLARED_SELECTOR = YES;
				GCC_WARN_UNINITIALIZED_AUTOS = YES_AGGRESSIVE;
				GCC_WARN_UNUSED_FUNCTION = YES;
				GCC_WARN_UNUSED_VARIABLE = YES;
				IPHONEOS_DEPLOYMENT_TARGET = 9.0;
				MTL_ENABLE_DEBUG_INFO = NO;
				SDKROOT = iphoneos;
				TARGETED_DEVICE_FAMILY = "1,2";
				VALIDATE_PRODUCT = YES;
			};
			name = Release;
		};
		359356981BC3603A005BF9D8 /* Debug */ = {
			isa = XCBuildConfiguration;
			buildSettings = {
				ASSETCATALOG_COMPILER_APPICON_NAME = AppIcon;
				INFOPLIST_FILE = FoodPin/Info.plist;
				LD_RUNPATH_SEARCH_PATHS = "$(inherited) @executable_path/Frameworks";
				PRODUCT_BUNDLE_IDENTIFIER = com.Gremico.FoodPin;
				PRODUCT_NAME = "$(TARGET_NAME)";
			};
			name = Debug;
		};
		359356991BC3603A005BF9D8 /* Release */ = {
			isa = XCBuildConfiguration;
			buildSettings = {
				ASSETCATALOG_COMPILER_APPICON_NAME = AppIcon;
				INFOPLIST_FILE = FoodPin/Info.plist;
				LD_RUNPATH_SEARCH_PATHS = "$(inherited) @executable_path/Frameworks";
				PRODUCT_BUNDLE_IDENTIFIER = com.Gremico.FoodPin;
				PRODUCT_NAME = "$(TARGET_NAME)";
			};
			name = Release;
		};
/* End XCBuildConfiguration section */

/* Begin XCConfigurationList section */
		359356801BC3603A005BF9D8 /* Build configuration list for PBXProject "FoodPin" */ = {
			isa = XCConfigurationList;
			buildConfigurations = (
				359356951BC3603A005BF9D8 /* Debug */,
				359356961BC3603A005BF9D8 /* Release */,
			);
			defaultConfigurationIsVisible = 0;
			defaultConfigurationName = Release;
		};
		359356971BC3603A005BF9D8 /* Build configuration list for PBXNativeTarget "FoodPin" */ = {
			isa = XCConfigurationList;
			buildConfigurations = (
				359356981BC3603A005BF9D8 /* Debug */,
				359356991BC3603A005BF9D8 /* Release */,
			);
			defaultConfigurationIsVisible = 0;
			defaultConfigurationName = Release;
		};
/* End XCConfigurationList section */
	};
	rootObject = 3593567D1BC3603A005BF9D8 /* Project object */;
}
